
Microsoft Visual Studio Solution File, Format Version 12.00
# Visual Studio Version 17
VisualStudioVersion = 17.7.34031.279
MinimumVisualStudioVersion = 10.0.40219.1
Project("{9A19103F-16F7-4668-BE54-9A1E7A4F7556}") = "KinopoiskAPIDataBase", "KinopoiskAPIDataBase\KinopoiskAPIDataBase.csproj", "{61DD9DB4-2D38-4518-9D7A-6A8996D0EA37}"
EndProject
Project("{9A19103F-16F7-4668-BE54-9A1E7A4F7556}") = "EFDataAccessLibrary", "EFDataAccessLibrary\EFDataAccessLibrary.csproj", "{FDFA0C54-C286-4CBE-ABA0-2BE0C8F42733}"
EndProject
Global
	GlobalSection(SolutionConfigurationPlatforms) = preSolution
		Debug|Any CPU = Debug|Any CPU
		Release|Any CPU = Release|Any CPU
	EndGlobalSection
	GlobalSection(ProjectConfigurationPlatforms) = postSolution
		{61DD9DB4-2D38-4518-9D7A-6A8996D0EA37}.Debug|Any CPU.ActiveCfg = Debug|Any CPU
		{61DD9DB4-2D38-4518-9D7A-6A8996D0EA37}.Debug|Any CPU.Build.0 = Debug|Any CPU
		{61DD9DB4-2D38-4518-9D7A-6A8996D0EA37}.Release|Any CPU.ActiveCfg = Release|Any CPU
		{61DD9DB4-2D38-4518-9D7A-6A8996D0EA37}.Release|Any CPU.Build.0 = Release|Any CPU
		{FDFA0C54-C286-4CBE-ABA0-2BE0C8F42733}.Debug|Any CPU.ActiveCfg = Debug|Any CPU
		{FDFA0C54-C286-4CBE-ABA0-2BE0C8F42733}.Debug|Any CPU.Build.0 = Debug|Any CPU
		{FDFA0C54-C286-4CBE-ABA0-2BE0C8F42733}.Release|Any CPU.ActiveCfg = Release|Any CPU
		{FDFA0C54-C286-4CBE-ABA0-2BE0C8F42733}.Release|Any CPU.Build.0 = Release|Any CPU
	EndGlobalSection
	GlobalSection(SolutionProperties) = preSolution
		HideSolutionNode = FALSE
	EndGlobalSection
	GlobalSection(ExtensibilityGlobals) = postSolution
		SolutionGuid = {476C52C1-265B-4B4D-9897-D2B587FC2011}
	EndGlobalSection
EndGlobal
